
Microsoft Visual Studio Solution File, Format Version 12.00
# Visual Studio Version 16
VisualStudioVersion = 16.0.31702.278
MinimumVisualStudioVersion = 10.0.40219.1
Project("{FAE04EC0-301F-11D3-BF4B-00C04F79EFBC}") = "DurakGame", "DurakGame\DurakGame.csproj", "{1550CA7C-6A14-4364-BCC1-ACBC17746F54}"
EndProject
Global
	GlobalSection(SolutionConfigurationPlatforms) = preSolution
		Debug|Any CPU = Debug|Any CPU
		Release|Any CPU = Release|Any CPU
	EndGlobalSection
	GlobalSection(ProjectConfigurationPlatforms) = postSolution
		{1550CA7C-6A14-4364-BCC1-ACBC17746F54}.Debug|Any CPU.ActiveCfg = Debug|Any CPU
		{1550CA7C-6A14-4364-BCC1-ACBC17746F54}.Debug|Any CPU.Build.0 = Debug|Any CPU
		{1550CA7C-6A14-4364-BCC1-ACBC17746F54}.Release|Any CPU.ActiveCfg = Release|Any CPU
		{1550CA7C-6A14-4364-BCC1-ACBC17746F54}.Release|Any CPU.Build.0 = Release|Any CPU
	EndGlobalSection
	GlobalSection(SolutionProperties) = preSolution
		HideSolutionNode = FALSE
	EndGlobalSection
	GlobalSection(ExtensibilityGlobals) = postSolution
		SolutionGuid = {BE53FA1B-A6EF-459B-8557-55867347A3F7}
	EndGlobalSection
EndGlobal
